<?xml version="1.0" encoding="utf-8"?>
<Project ToolsVersion="4.0" xmlns="http://schemas.microsoft.com/developer/msbuild/2003">
  <ItemGroup>
    <ClCompile Include="..\..\libraries\ilmbase\Iex\IexBaseExc.cpp">
      <Filter>Source Files</Filter>
    </ClCompile>
    <ClCompile Include="..\..\libraries\ilmbase\Iex\IexThrowErrnoExc.cpp">
      <Filter>Source Files</Filter>
    </ClCompile>
  </ItemGroup>
  <ItemGroup>
    <ClInclude Include="..\..\libraries\ilmbase\Iex\Iex.h">
      <Filter>Header Files</Filter>
    </ClInclude>
    <ClInclude Include="..\..\libraries\ilmbase\Iex\IexThrowErrnoExc.h">
      <Filter>Header Files</Filter>
    </ClInclude>
    <ClInclude Include="..\..\libraries\ilmbase\Iex\IexBaseExc.h">
      <Filter>Header Files</Filter>
    </ClInclude>
    <ClInclude Include="..\..\libraries\ilmbase\Iex\IexErrnoExc.h">
      <Filter>Header Files</Filter>
    </ClInclude>
    <ClInclude Include="..\..\libraries\ilmbase\Iex\IexMacros.h">
      <Filter>Header Files</Filter>
    </ClInclude>
    <ClInclude Include="..\..\libraries\ilmbase\Iex\IexMathExc.h">
      <Filter>Header Files</Filter>
    </ClInclude>
    <ClInclude Include="..\..\libraries\ilmbase\Iex\IexExport.h">
      <Filter>Header Files</Filter>
    </ClInclude>
    <ClInclude Include="..\..\libraries\ilmbase\Iex\IexForward.h">
      <Filter>Header Files</Filter>
    </ClInclude>
    <ClInclude Include="..\..\libraries\ilmbase\Iex\IexNamespace.h">
      <Filter>Header Files</Filter>
    </ClInclude>
  </ItemGroup>
  <ItemGroup>
    <Filter Include="Header Files">
      <UniqueIdentifier>{c6767774-e8c0-44ea-ac64-70d50eedaf6f}</UniqueIdentifier>
    </Filter>
    <Filter Include="Source Files">
      <UniqueIdentifier>{81f98c01-affc-471d-ada1-c04051236895}</UniqueIdentifier>
    </Filter>
  </ItemGroup>
</Project>