<?xml version="1.0" encoding="utf-8"?>
<Project ToolsVersion="4.0" xmlns="http://schemas.microsoft.com/developer/msbuild/2003">
  <ItemGroup>
    <Filter Include="Parser Headers">
      <UniqueIdentifier>{93995380-89BD-4b04-88EB-625FBE52EBFB}</UniqueIdentifier>
      <Extensions>
      </Extensions>
    </Filter>
    <Filter Include="Parser Source">
      <UniqueIdentifier>{4FC737F1-C7A5-4376-A066-2A32D752A2FF}</UniqueIdentifier>
      <Extensions>
      </Extensions>
    </Filter>
  </ItemGroup>
  <ItemGroup>
    <ClInclude Include="..\..\source\parser\configparser.h">
      <Filter>Parser Headers</Filter>
    </ClInclude>
    <ClInclude Include="..\povconfig\syspovconfigparser.h">
      <Filter>Parser Headers</Filter>
    </ClInclude>
    <ClInclude Include="..\..\source\parser\parser.h">
      <Filter>Parser Headers</Filter>
    </ClInclude>
    <ClInclude Include="..\..\source\parser\reservedwords.h">
      <Filter>Parser Headers</Filter>
    </ClInclude>
    <ClInclude Include="..\..\source\parser\fncode.h">
      <Filter>Parser Headers</Filter>
    </ClInclude>
    <ClInclude Include="..\..\source\parser\precomp.h">
      <Filter>Parser Headers</Filter>
    </ClInclude>
    <ClInclude Include="..\..\source\parser\scanner.h">
      <Filter>Parser Headers</Filter>
    </ClInclude>
    <ClInclude Include="..\..\source\parser\parsertypes.h">
      <Filter>Parser Headers</Filter>
    </ClInclude>
    <ClInclude Include="..\..\source\parser\rawtokenizer.h">
      <Filter>Parser Headers</Filter>
    </ClInclude>
    <ClInclude Include="..\..\source\parser\symboltable.h">
      <Filter>Parser Headers</Filter>
    </ClInclude>
    <ClInclude Include="..\..\source\parser\parser_fwd.h">
      <Filter>Parser Headers</Filter>
    </ClInclude>
  </ItemGroup>
  <ItemGroup>
    <ClCompile Include="..\..\source\parser\parser.cpp">
      <Filter>Parser Source</Filter>
    </ClCompile>
    <ClCompile Include="..\..\source\parser\parser_tokenizer.cpp">
      <Filter>Parser Source</Filter>
    </ClCompile>
    <ClCompile Include="..\..\source\parser\parser_strings.cpp">
      <Filter>Parser Source</Filter>
    </ClCompile>
    <ClCompile Include="..\..\source\parser\parser_materials.cpp">
      <Filter>Parser Source</Filter>
    </ClCompile>
    <ClCompile Include="..\..\source\parser\parser_functions_utilities.cpp">
      <Filter>Parser Source</Filter>
    </ClCompile>
    <ClCompile Include="..\..\source\parser\parser_functions.cpp">
      <Filter>Parser Source</Filter>
    </ClCompile>
    <ClCompile Include="..\..\source\parser\parser_expressions.cpp">
      <Filter>Parser Source</Filter>
    </ClCompile>
    <ClCompile Include="..\..\source\parser\reservedwords.cpp">
      <Filter>Parser Source</Filter>
    </ClCompile>
    <ClCompile Include="..\..\source\parser\fncode.cpp">
      <Filter>Parser Source</Filter>
    </ClCompile>
    <ClCompile Include="..\..\source\parser\precomp.cpp">
      <Filter>Parser Source</Filter>
    </ClCompile>
    <ClCompile Include="..\..\source\parser\parser_obj.cpp">
      <Filter>Parser Source</Filter>
    </ClCompile>
    <ClCompile Include="..\..\source\parser\scanner.cpp">
      <Filter>Parser Source</Filter>
    </ClCompile>
    <ClCompile Include="..\..\source\parser\rawtokenizer.cpp">
      <Filter>Parser Source</Filter>
    </ClCompile>
    <ClCompile Include="..\..\source\parser\parsertypes.cpp">
      <Filter>Parser Source</Filter>
    </ClCompile>
    <ClCompile Include="..\..\source\parser\symboltable.cpp">
      <Filter>Parser Source</Filter>
    </ClCompile>
  </ItemGroup>
</Project>