Microsoft Visual Studio Solution File, Format Version 11.00
# Visual Studio 2010
Project("{2150E333-8FDC-42A3-9474-1A3956D46DE8}") = "Image Libraries", "Image Libraries", "{4178148C-8A0C-4EB0-ACD9-0E09676F2700}"
EndProject
Project("{2150E333-8FDC-42A3-9474-1A3956D46DE8}") = "Generic POV-Ray", "Generic POV-Ray", "{5319B36D-2906-4EAF-B623-B7C04F3CC2AD}"
EndProject
Project("{2150E333-8FDC-42A3-9474-1A3956D46DE8}") = "VFE", "VFE", "{4A043885-D401-40B2-9375-1C57136F03F6}"
EndProject
Project("{2150E333-8FDC-42A3-9474-1A3956D46DE8}") = "Windows Targets", "Windows Targets", "{CB0679D3-62C5-4328-B49F-504E0AA9C65A}"
EndProject
Project("{8BC9CEB8-8B4A-11D0-8D11-00A0C91BC942}") = "GUI", "povray.vcxproj", "{9BA806FC-C022-4ACF-A3F1-3EC8CAB45570}"
	ProjectSection(ProjectDependencies) = postProject
		{0C227B07-1830-4C5B-8D4E-2DEFFFD2792D} = {0C227B07-1830-4C5B-8D4E-2DEFFFD2792D}
		{7F9DA615-40A3-43A0-B8BB-528698DDE6E5} = {7F9DA615-40A3-43A0-B8BB-528698DDE6E5}
		{F0304A28-E1C7-4F4F-BE1F-DF57936C9664} = {F0304A28-E1C7-4F4F-BE1F-DF57936C9664}
		{B1E68128-84D7-4525-A3C1-E6C1077F2239} = {B1E68128-84D7-4525-A3C1-E6C1077F2239}
		{35A2DC31-84BC-4F7A-9C93-1D072432AD79} = {35A2DC31-84BC-4F7A-9C93-1D072432AD79}
		{39C65232-04FB-4622-8283-34829739887C} = {39C65232-04FB-4622-8283-34829739887C}
		{E7A73E97-7106-4D4A-98BA-AA43FBD19DB4} = {E7A73E97-7106-4D4A-98BA-AA43FBD19DB4}
		{10B193D4-E27B-4438-A825-BFB3D2B4C74D} = {10B193D4-E27B-4438-A825-BFB3D2B4C74D}
		{9801D5FF-C1E0-46C5-A73E-47DEECE99DDB} = {9801D5FF-C1E0-46C5-A73E-47DEECE99DDB}
	EndProjectSection
EndProject
Project("{8BC9CEB8-8B4A-11D0-8D11-00A0C91BC942}") = "jpeg", "jpeg.vcxproj", "{3780CCDE-4967-4C31-B6A3-3C2570BDD3E4}"
EndProject
Project("{8BC9CEB8-8B4A-11D0-8D11-00A0C91BC942}") = "libpng", "libpng.vcxproj", "{E1EA88AF-6B44-4225-B97B-B485FC9DB23E}"
	ProjectSection(ProjectDependencies) = postProject
		{8BB067C4-7135-4643-863C-49C520BEEA01} = {8BB067C4-7135-4643-863C-49C520BEEA01}
	EndProjectSection
EndProject
Project("{8BC9CEB8-8B4A-11D0-8D11-00A0C91BC942}") = "tiff", "tiff.vcxproj", "{186BAEF6-CF24-42C1-8CE3-25590CB9F6E7}"
	ProjectSection(ProjectDependencies) = postProject
		{8BB067C4-7135-4643-863C-49C520BEEA01} = {8BB067C4-7135-4643-863C-49C520BEEA01}
	EndProjectSection
EndProject
Project("{8BC9CEB8-8B4A-11D0-8D11-00A0C91BC942}") = "zlib", "zlib.vcxproj", "{8BB067C4-7135-4643-863C-49C520BEEA01}"
EndProject
Project("{8BC9CEB8-8B4A-11D0-8D11-00A0C91BC942}") = "vfewin", "vfewin.vcxproj", "{72793DF1-D4AF-4AA0-A606-7B51ED2A3F5C}"
EndProject
Project("{8BC9CEB8-8B4A-11D0-8D11-00A0C91BC942}") = "rtrsupport", "rtrsupport.vcxproj", "{851C772C-D7C2-4EE3-A90C-23386F0E9897}"
	ProjectSection(ProjectDependencies) = postProject
		{7F9DA615-40A3-43A0-B8BB-528698DDE6E5} = {7F9DA615-40A3-43A0-B8BB-528698DDE6E5}
		{35A2DC31-84BC-4F7A-9C93-1D072432AD79} = {35A2DC31-84BC-4F7A-9C93-1D072432AD79}
		{C6D9B754-11EB-4FC3-8683-593B2377D043} = {C6D9B754-11EB-4FC3-8683-593B2377D043}
		{D870A978-8130-4D1D-9FB2-3EE2028D2C50} = {D870A978-8130-4D1D-9FB2-3EE2028D2C50}
		{10B193D4-E27B-4438-A825-BFB3D2B4C74D} = {10B193D4-E27B-4438-A825-BFB3D2B4C74D}
	EndProjectSection
EndProject
Project("{8BC9CEB8-8B4A-11D0-8D11-00A0C91BC942}") = "console", "console.vcxproj", "{3B6BB403-FC72-45FF-A431-9295A1AEB7A3}"
	ProjectSection(ProjectDependencies) = postProject
		{9EDB5C0F-BFD0-4A59-BB93-F06A52BB0128} = {9EDB5C0F-BFD0-4A59-BB93-F06A52BB0128}
		{7DF42126-D237-41D3-9ABE-A3ACC8BAC56E} = {7DF42126-D237-41D3-9ABE-A3ACC8BAC56E}
		{76ADDB29-9C6A-442C-9BA9-764C050F75DD} = {76ADDB29-9C6A-442C-9BA9-764C050F75DD}
		{35A2DC31-84BC-4F7A-9C93-1D072432AD79} = {35A2DC31-84BC-4F7A-9C93-1D072432AD79}
		{39C65232-04FB-4622-8283-34829739887C} = {39C65232-04FB-4622-8283-34829739887C}
		{C46B9A53-86D8-4B7F-AB15-B2C04518A195} = {C46B9A53-86D8-4B7F-AB15-B2C04518A195}
		{C6D9B754-11EB-4FC3-8683-593B2377D043} = {C6D9B754-11EB-4FC3-8683-593B2377D043}
		{C6D9B754-11EB-4FC3-8683-593B53E9AD1F} = {C6D9B754-11EB-4FC3-8683-593B53E9AD1F}
		{E7A73E97-7106-4D4A-98BA-AA43FBD19DB4} = {E7A73E97-7106-4D4A-98BA-AA43FBD19DB4}
		{10B193D4-E27B-4438-A825-BFB3D2B4C74D} = {10B193D4-E27B-4438-A825-BFB3D2B4C74D}
		{9801D5FF-C1E0-46C5-A73E-47DEECE99DDB} = {9801D5FF-C1E0-46C5-A73E-47DEECE99DDB}
	EndProjectSection
EndProject
Project("{8BC9CEB8-8B4A-11D0-8D11-00A0C91BC942}") = "povbackend", "povbackend.vcxproj", "{C6D9B754-11EB-4FC3-8683-593B53E9AD1F}"
	ProjectSection(ProjectDependencies) = postProject
		{0C227B07-1830-4C5B-8D4E-2DEFFFD2792D} = {0C227B07-1830-4C5B-8D4E-2DEFFFD2792D}
		{9EDB5C0F-BFD0-4A59-BB93-F06A52BB0128} = {9EDB5C0F-BFD0-4A59-BB93-F06A52BB0128}
		{7F9DA615-40A3-43A0-B8BB-528698DDE6E5} = {7F9DA615-40A3-43A0-B8BB-528698DDE6E5}
		{7DF42126-D237-41D3-9ABE-A3ACC8BAC56E} = {7DF42126-D237-41D3-9ABE-A3ACC8BAC56E}
		{F0304A28-E1C7-4F4F-BE1F-DF57936C9664} = {F0304A28-E1C7-4F4F-BE1F-DF57936C9664}
		{B1E68128-84D7-4525-A3C1-E6C1077F2239} = {B1E68128-84D7-4525-A3C1-E6C1077F2239}
		{76ADDB29-9C6A-442C-9BA9-764C050F75DD} = {76ADDB29-9C6A-442C-9BA9-764C050F75DD}
		{851C772C-D7C2-4EE3-A90C-23386F0E9897} = {851C772C-D7C2-4EE3-A90C-23386F0E9897}
		{35A2DC31-84BC-4F7A-9C93-1D072432AD79} = {35A2DC31-84BC-4F7A-9C93-1D072432AD79}
		{39C65232-04FB-4622-8283-34829739887C} = {39C65232-04FB-4622-8283-34829739887C}
		{C46B9A53-86D8-4B7F-AB15-B2C04518A195} = {C46B9A53-86D8-4B7F-AB15-B2C04518A195}
		{C6D9B754-11EB-4FC3-8683-593B2377D043} = {C6D9B754-11EB-4FC3-8683-593B2377D043}
		{D870A978-8130-4D1D-9FB2-3EE2028D2C50} = {D870A978-8130-4D1D-9FB2-3EE2028D2C50}
		{E7A73E97-7106-4D4A-98BA-AA43FBD19DB4} = {E7A73E97-7106-4D4A-98BA-AA43FBD19DB4}
		{E1EA88AF-6B44-4225-B97B-B485FC9DB23E} = {E1EA88AF-6B44-4225-B97B-B485FC9DB23E}
		{8BB067C4-7135-4643-863C-49C520BEEA01} = {8BB067C4-7135-4643-863C-49C520BEEA01}
		{10B193D4-E27B-4438-A825-BFB3D2B4C74D} = {10B193D4-E27B-4438-A825-BFB3D2B4C74D}
		{3780CCDE-4967-4C31-B6A3-3C2570BDD3E4} = {3780CCDE-4967-4C31-B6A3-3C2570BDD3E4}
		{186BAEF6-CF24-42C1-8CE3-25590CB9F6E7} = {186BAEF6-CF24-42C1-8CE3-25590CB9F6E7}
		{9801D5FF-C1E0-46C5-A73E-47DEECE99DDB} = {9801D5FF-C1E0-46C5-A73E-47DEECE99DDB}
	EndProjectSection
EndProject
Project("{8BC9CEB8-8B4A-11D0-8D11-00A0C91BC942}") = "povbase", "povbase.vcxproj", "{C6D9B754-11EB-4FC3-8683-593B2377D043}"
	ProjectSection(ProjectDependencies) = postProject
		{9EDB5C0F-BFD0-4A59-BB93-F06A52BB0128} = {9EDB5C0F-BFD0-4A59-BB93-F06A52BB0128}
		{7DF42126-D237-41D3-9ABE-A3ACC8BAC56E} = {7DF42126-D237-41D3-9ABE-A3ACC8BAC56E}
		{76ADDB29-9C6A-442C-9BA9-764C050F75DD} = {76ADDB29-9C6A-442C-9BA9-764C050F75DD}
		{35A2DC31-84BC-4F7A-9C93-1D072432AD79} = {35A2DC31-84BC-4F7A-9C93-1D072432AD79}
		{39C65232-04FB-4622-8283-34829739887C} = {39C65232-04FB-4622-8283-34829739887C}
		{C46B9A53-86D8-4B7F-AB15-B2C04518A195} = {C46B9A53-86D8-4B7F-AB15-B2C04518A195}
		{D870A978-8130-4D1D-9FB2-3EE2028D2C50} = {D870A978-8130-4D1D-9FB2-3EE2028D2C50}
		{E1EA88AF-6B44-4225-B97B-B485FC9DB23E} = {E1EA88AF-6B44-4225-B97B-B485FC9DB23E}
		{8BB067C4-7135-4643-863C-49C520BEEA01} = {8BB067C4-7135-4643-863C-49C520BEEA01}
		{10B193D4-E27B-4438-A825-BFB3D2B4C74D} = {10B193D4-E27B-4438-A825-BFB3D2B4C74D}
		{3780CCDE-4967-4C31-B6A3-3C2570BDD3E4} = {3780CCDE-4967-4C31-B6A3-3C2570BDD3E4}
		{186BAEF6-CF24-42C1-8CE3-25590CB9F6E7} = {186BAEF6-CF24-42C1-8CE3-25590CB9F6E7}
		{9801D5FF-C1E0-46C5-A73E-47DEECE99DDB} = {9801D5FF-C1E0-46C5-A73E-47DEECE99DDB}
	EndProjectSection
EndProject
Project("{8BC9CEB8-8B4A-11D0-8D11-00A0C91BC942}") = "povfrontend", "povfrontend.vcxproj", "{C6D9B754-11EB-4FC3-8683-593BFD58C904}"
	ProjectSection(ProjectDependencies) = postProject
		{B1E68128-84D7-4525-A3C1-E6C1077F2239} = {B1E68128-84D7-4525-A3C1-E6C1077F2239}
		{35A2DC31-84BC-4F7A-9C93-1D072432AD79} = {35A2DC31-84BC-4F7A-9C93-1D072432AD79}
		{C6D9B754-11EB-4FC3-8683-593B2377D043} = {C6D9B754-11EB-4FC3-8683-593B2377D043}
		{D870A978-8130-4D1D-9FB2-3EE2028D2C50} = {D870A978-8130-4D1D-9FB2-3EE2028D2C50}
		{10B193D4-E27B-4438-A825-BFB3D2B4C74D} = {10B193D4-E27B-4438-A825-BFB3D2B4C74D}
	EndProjectSection
EndProject
Project("{2150E333-8FDC-42A3-9474-1A3956D46DE8}") = "Boost Libraries", "Boost Libraries", "{31AFDB3C-8769-49DF-9C9E-2013E194D983}"
EndProject
Project("{8BC9CEB8-8B4A-11D0-8D11-00A0C91BC942}") = "boost_thread", "boost_thread.vcxproj", "{10B193D4-E27B-4438-A825-BFB3D2B4C74D}"
	ProjectSection(ProjectDependencies) = postProject
		{D870A978-8130-4D1D-9FB2-3EE2028D2C50} = {D870A978-8130-4D1D-9FB2-3EE2028D2C50}
	EndProjectSection
EndProject
Project("{8BC9CEB8-8B4A-11D0-8D11-00A0C91BC942}") = "boost_date_time", "boost_date_time.vcxproj", "{35A2DC31-84BC-4F7A-9C93-1D072432AD79}"
EndProject
Project("{2150E333-8FDC-42A3-9474-1A3956D46DE8}") = "OpenEXR Libraries", "OpenEXR Libraries", "{30F7FB89-B9D5-473E-A14D-6A00700C1EA9}"
EndProject
Project("{8BC9CEB8-8B4A-11D0-8D11-00A0C91BC942}") = "OpenEXR IlmImf", "openexr_IlmImf.vcxproj", "{7DF42126-D237-41D3-9ABE-A3ACC8BAC56E}"
	ProjectSection(ProjectDependencies) = postProject
		{9EDB5C0F-BFD0-4A59-BB93-F06A52BB0128} = {9EDB5C0F-BFD0-4A59-BB93-F06A52BB0128}
		{76ADDB29-9C6A-442C-9BA9-764C050F75DD} = {76ADDB29-9C6A-442C-9BA9-764C050F75DD}
		{39C65232-04FB-4622-8283-34829739887C} = {39C65232-04FB-4622-8283-34829739887C}
		{C46B9A53-86D8-4B7F-AB15-B2C04518A195} = {C46B9A53-86D8-4B7F-AB15-B2C04518A195}
		{8BB067C4-7135-4643-863C-49C520BEEA01} = {8BB067C4-7135-4643-863C-49C520BEEA01}
		{9801D5FF-C1E0-46C5-A73E-47DEECE99DDB} = {9801D5FF-C1E0-46C5-A73E-47DEECE99DDB}
	EndProjectSection
EndProject
Project("{8BC9CEB8-8B4A-11D0-8D11-00A0C91BC942}") = "OpenEXR IlmBase Iex", "openexr_Iex.vcxproj", "{C46B9A53-86D8-4B7F-AB15-B2C04518A195}"
	ProjectSection(ProjectDependencies) = postProject
		{9EDB5C0F-BFD0-4A59-BB93-F06A52BB0128} = {9EDB5C0F-BFD0-4A59-BB93-F06A52BB0128}
		{39C65232-04FB-4622-8283-34829739887C} = {39C65232-04FB-4622-8283-34829739887C}
		{9801D5FF-C1E0-46C5-A73E-47DEECE99DDB} = {9801D5FF-C1E0-46C5-A73E-47DEECE99DDB}
	EndProjectSection
EndProject
Project("{8BC9CEB8-8B4A-11D0-8D11-00A0C91BC942}") = "OpenEXR IlmBase IlmThread", "openexr_IlmThread.vcxproj", "{76ADDB29-9C6A-442C-9BA9-764C050F75DD}"
EndProject
Project("{8BC9CEB8-8B4A-11D0-8D11-00A0C91BC942}") = "OpenEXR IlmBase Half", "openexr_Half.vcxproj", "{9EDB5C0F-BFD0-4A59-BB93-F06A52BB0128}"
	ProjectSection(ProjectDependencies) = postProject
		{39C65232-04FB-4622-8283-34829739887C} = {39C65232-04FB-4622-8283-34829739887C}
		{9801D5FF-C1E0-46C5-A73E-47DEECE99DDB} = {9801D5FF-C1E0-46C5-A73E-47DEECE99DDB}
	EndProjectSection
EndProject
Project("{8BC9CEB8-8B4A-11D0-8D11-00A0C91BC942}") = "OpenEXR IlmBase Half eLut", "openexr_eLut.vcxproj", "{39C65232-04FB-4622-8283-34829739887C}"
EndProject
Project("{8BC9CEB8-8B4A-11D0-8D11-00A0C91BC942}") = "OpenEXR IlmBase Half toFloat", "openexr_toFloat.vcxproj", "{9801D5FF-C1E0-46C5-A73E-47DEECE99DDB}"
EndProject
Project("{8BC9CEB8-8B4A-11D0-8D11-00A0C91BC942}") = "cmedit", "cmedit.vcxproj", "{37FDEA25-43CD-4AF0-A232-281E11851E75}"
EndProject
Project("{8BC9CEB8-8B4A-11D0-8D11-00A0C91BC942}") = "tests", "tests.vcxproj", "{86D92BC4-4C57-42D1-9F63-26ABF811715B}"
	ProjectSection(ProjectDependencies) = postProject
		{C6D9B754-11EB-4FC3-8683-593B2377D043} = {C6D9B754-11EB-4FC3-8683-593B2377D043}
	EndProjectSection
EndProject
Project("{8BC9CEB8-8B4A-11D0-8D11-00A0C91BC942}") = "povcore", "povcore.vcxproj", "{7F9DA615-40A3-43A0-B8BB-528698DDE6E5}"
	ProjectSection(ProjectDependencies) = postProject
		{35A2DC31-84BC-4F7A-9C93-1D072432AD79} = {35A2DC31-84BC-4F7A-9C93-1D072432AD79}
		{C6D9B754-11EB-4FC3-8683-593B2377D043} = {C6D9B754-11EB-4FC3-8683-593B2377D043}
		{D870A978-8130-4D1D-9FB2-3EE2028D2C50} = {D870A978-8130-4D1D-9FB2-3EE2028D2C50}
		{E7A73E97-7106-4D4A-98BA-AA43FBD19DB4} = {E7A73E97-7106-4D4A-98BA-AA43FBD19DB4}
		{10B193D4-E27B-4438-A825-BFB3D2B4C74D} = {10B193D4-E27B-4438-A825-BFB3D2B4C74D}
	EndProjectSection
EndProject
Project("{8BC9CEB8-8B4A-11D0-8D11-00A0C91BC942}") = "povparser", "povparser.vcxproj", "{F0304A28-E1C7-4F4F-BE1F-DF57936C9664}"
	ProjectSection(ProjectDependencies) = postProject
		{7F9DA615-40A3-43A0-B8BB-528698DDE6E5} = {7F9DA615-40A3-43A0-B8BB-528698DDE6E5}
		{B1E68128-84D7-4525-A3C1-E6C1077F2239} = {B1E68128-84D7-4525-A3C1-E6C1077F2239}
		{35A2DC31-84BC-4F7A-9C93-1D072432AD79} = {35A2DC31-84BC-4F7A-9C93-1D072432AD79}
		{C6D9B754-11EB-4FC3-8683-593B2377D043} = {C6D9B754-11EB-4FC3-8683-593B2377D043}
		{D870A978-8130-4D1D-9FB2-3EE2028D2C50} = {D870A978-8130-4D1D-9FB2-3EE2028D2C50}
		{E7A73E97-7106-4D4A-98BA-AA43FBD19DB4} = {E7A73E97-7106-4D4A-98BA-AA43FBD19DB4}
		{10B193D4-E27B-4438-A825-BFB3D2B4C74D} = {10B193D4-E27B-4438-A825-BFB3D2B4C74D}
	EndProjectSection
EndProject
Project("{8BC9CEB8-8B4A-11D0-8D11-00A0C91BC942}") = "povms", "povms.vcxproj", "{B1E68128-84D7-4525-A3C1-E6C1077F2239}"
	ProjectSection(ProjectDependencies) = postProject
		{C6D9B754-11EB-4FC3-8683-593B2377D043} = {C6D9B754-11EB-4FC3-8683-593B2377D043}
	EndProjectSection
EndProject
Project("{8BC9CEB8-8B4A-11D0-8D11-00A0C91BC942}") = "povplatform", "povplatform.vcxproj", "{0C227B07-1830-4C5B-8D4E-2DEFFFD2792D}"
EndProject
Project("{8BC9CEB8-8B4A-11D0-8D11-00A0C91BC942}") = "boost_system", "boost_system.vcxproj", "{D870A978-8130-4D1D-9FB2-3EE2028D2C50}"
EndProject
Project("{8BC9CEB8-8B4A-11D0-8D11-00A0C91BC942}") = "povvm", "povvm.vcxproj", "{E7A73E97-7106-4D4A-98BA-AA43FBD19DB4}"
EndProject
Global
	GlobalSection(SolutionConfigurationPlatforms) = preSolution
		Debug|Win32 = Debug|Win32
		Debug|x64 = Debug|x64
		Release|Win32 = Release|Win32
		Release|x64 = Release|x64
		Release-SSE2|Win32 = Release-SSE2|Win32
		Release-SSE2|x64 = Release-SSE2|x64
	EndGlobalSection
	GlobalSection(ProjectConfigurationPlatforms) = postSolution
		{9BA806FC-C022-4ACF-A3F1-3EC8CAB45570}.Debug|Win32.ActiveCfg = Debug|Win32
		{9BA806FC-C022-4ACF-A3F1-3EC8CAB45570}.Debug|Win32.Build.0 = Debug|Win32
		{9BA806FC-C022-4ACF-A3F1-3EC8CAB45570}.Debug|x64.ActiveCfg = Debug|x64
		{9BA806FC-C022-4ACF-A3F1-3EC8CAB45570}.Debug|x64.Build.0 = Debug|x64
		{9BA806FC-C022-4ACF-A3F1-3EC8CAB45570}.Release|Win32.ActiveCfg = Release|Win32
		{9BA806FC-C022-4ACF-A3F1-3EC8CAB45570}.Release|Win32.Build.0 = Release|Win32
		{9BA806FC-C022-4ACF-A3F1-3EC8CAB45570}.Release|x64.ActiveCfg = Release|x64
		{9BA806FC-C022-4ACF-A3F1-3EC8CAB45570}.Release|x64.Build.0 = Release|x64
		{9BA806FC-C022-4ACF-A3F1-3EC8CAB45570}.Release-SSE2|Win32.ActiveCfg = Release-SSE2|Win32
		{9BA806FC-C022-4ACF-A3F1-3EC8CAB45570}.Release-SSE2|Win32.Build.0 = Release-SSE2|Win32
		{9BA806FC-C022-4ACF-A3F1-3EC8CAB45570}.Release-SSE2|x64.ActiveCfg = Release|x64
		{9BA806FC-C022-4ACF-A3F1-3EC8CAB45570}.Release-SSE2|x64.Build.0 = Release|x64
		{3780CCDE-4967-4C31-B6A3-3C2570BDD3E4}.Debug|Win32.ActiveCfg = Debug|Win32
		{3780CCDE-4967-4C31-B6A3-3C2570BDD3E4}.Debug|Win32.Build.0 = Debug|Win32
		{3780CCDE-4967-4C31-B6A3-3C2570BDD3E4}.Debug|x64.ActiveCfg = Debug|x64
		{3780CCDE-4967-4C31-B6A3-3C2570BDD3E4}.Debug|x64.Build.0 = Debug|x64
		{3780CCDE-4967-4C31-B6A3-3C2570BDD3E4}.Release|Win32.ActiveCfg = Release|Win32
		{3780CCDE-4967-4C31-B6A3-3C2570BDD3E4}.Release|Win32.Build.0 = Release|Win32
		{3780CCDE-4967-4C31-B6A3-3C2570BDD3E4}.Release|x64.ActiveCfg = Release|x64
		{3780CCDE-4967-4C31-B6A3-3C2570BDD3E4}.Release|x64.Build.0 = Release|x64
		{3780CCDE-4967-4C31-B6A3-3C2570BDD3E4}.Release-SSE2|Win32.ActiveCfg = Release-SSE2|Win32
		{3780CCDE-4967-4C31-B6A3-3C2570BDD3E4}.Release-SSE2|Win32.Build.0 = Release-SSE2|Win32
		{3780CCDE-4967-4C31-B6A3-3C2570BDD3E4}.Release-SSE2|x64.ActiveCfg = Release|x64
		{3780CCDE-4967-4C31-B6A3-3C2570BDD3E4}.Release-SSE2|x64.Build.0 = Release|x64
		{E1EA88AF-6B44-4225-B97B-B485FC9DB23E}.Debug|Win32.ActiveCfg = Debug|Win32
		{E1EA88AF-6B44-4225-B97B-B485FC9DB23E}.Debug|Win32.Build.0 = Debug|Win32
		{E1EA88AF-6B44-4225-B97B-B485FC9DB23E}.Debug|x64.ActiveCfg = Debug|x64
		{E1EA88AF-6B44-4225-B97B-B485FC9DB23E}.Debug|x64.Build.0 = Debug|x64
		{E1EA88AF-6B44-4225-B97B-B485FC9DB23E}.Release|Win32.ActiveCfg = Release|Win32
		{E1EA88AF-6B44-4225-B97B-B485FC9DB23E}.Release|Win32.Build.0 = Release|Win32
		{E1EA88AF-6B44-4225-B97B-B485FC9DB23E}.Release|x64.ActiveCfg = Release|x64
		{E1EA88AF-6B44-4225-B97B-B485FC9DB23E}.Release|x64.Build.0 = Release|x64
		{E1EA88AF-6B44-4225-B97B-B485FC9DB23E}.Release-SSE2|Win32.ActiveCfg = Release-SSE2|Win32
		{E1EA88AF-6B44-4225-B97B-B485FC9DB23E}.Release-SSE2|Win32.Build.0 = Release-SSE2|Win32
		{E1EA88AF-6B44-4225-B97B-B485FC9DB23E}.Release-SSE2|x64.ActiveCfg = Release|x64
		{E1EA88AF-6B44-4225-B97B-B485FC9DB23E}.Release-SSE2|x64.Build.0 = Release|x64
		{186BAEF6-CF24-42C1-8CE3-25590CB9F6E7}.Debug|Win32.ActiveCfg = Debug|Win32
		{186BAEF6-CF24-42C1-8CE3-25590CB9F6E7}.Debug|Win32.Build.0 = Debug|Win32
		{186BAEF6-CF24-42C1-8CE3-25590CB9F6E7}.Debug|x64.ActiveCfg = Debug|x64
		{186BAEF6-CF24-42C1-8CE3-25590CB9F6E7}.Debug|x64.Build.0 = Debug|x64
		{186BAEF6-CF24-42C1-8CE3-25590CB9F6E7}.Release|Win32.ActiveCfg = Release|Win32
		{186BAEF6-CF24-42C1-8CE3-25590CB9F6E7}.Release|Win32.Build.0 = Release|Win32
		{186BAEF6-CF24-42C1-8CE3-25590CB9F6E7}.Release|x64.ActiveCfg = Release|x64
		{186BAEF6-CF24-42C1-8CE3-25590CB9F6E7}.Release|x64.Build.0 = Release|x64
		{186BAEF6-CF24-42C1-8CE3-25590CB9F6E7}.Release-SSE2|Win32.ActiveCfg = Release-SSE2|Win32
		{186BAEF6-CF24-42C1-8CE3-25590CB9F6E7}.Release-SSE2|Win32.Build.0 = Release-SSE2|Win32
		{186BAEF6-CF24-42C1-8CE3-25590CB9F6E7}.Release-SSE2|x64.ActiveCfg = Release|x64
		{186BAEF6-CF24-42C1-8CE3-25590CB9F6E7}.Release-SSE2|x64.Build.0 = Release|x64
		{8BB067C4-7135-4643-863C-49C520BEEA01}.Debug|Win32.ActiveCfg = Debug|Win32
		{8BB067C4-7135-4643-863C-49C520BEEA01}.Debug|Win32.Build.0 = Debug|Win32
		{8BB067C4-7135-4643-863C-49C520BEEA01}.Debug|x64.ActiveCfg = Debug|x64
		{8BB067C4-7135-4643-863C-49C520BEEA01}.Debug|x64.Build.0 = Debug|x64
		{8BB067C4-7135-4643-863C-49C520BEEA01}.Release|Win32.ActiveCfg = Release|Win32
		{8BB067C4-7135-4643-863C-49C520BEEA01}.Release|Win32.Build.0 = Release|Win32
		{8BB067C4-7135-4643-863C-49C520BEEA01}.Release|x64.ActiveCfg = Release|x64
		{8BB067C4-7135-4643-863C-49C520BEEA01}.Release|x64.Build.0 = Release|x64
		{8BB067C4-7135-4643-863C-49C520BEEA01}.Release-SSE2|Win32.ActiveCfg = Release-SSE2|Win32
		{8BB067C4-7135-4643-863C-49C520BEEA01}.Release-SSE2|Win32.Build.0 = Release-SSE2|Win32
		{8BB067C4-7135-4643-863C-49C520BEEA01}.Release-SSE2|x64.ActiveCfg = Release|x64
		{8BB067C4-7135-4643-863C-49C520BEEA01}.Release-SSE2|x64.Build.0 = Release|x64
		{72793DF1-D4AF-4AA0-A606-7B51ED2A3F5C}.Debug|Win32.ActiveCfg = Debug|Win32
		{72793DF1-D4AF-4AA0-A606-7B51ED2A3F5C}.Debug|Win32.Build.0 = Debug|Win32
		{72793DF1-D4AF-4AA0-A606-7B51ED2A3F5C}.Debug|x64.ActiveCfg = Debug|x64
		{72793DF1-D4AF-4AA0-A606-7B51ED2A3F5C}.Debug|x64.Build.0 = Debug|x64
		{72793DF1-D4AF-4AA0-A606-7B51ED2A3F5C}.Release|Win32.ActiveCfg = Release|Win32
		{72793DF1-D4AF-4AA0-A606-7B51ED2A3F5C}.Release|Win32.Build.0 = Release|Win32
		{72793DF1-D4AF-4AA0-A606-7B51ED2A3F5C}.Release|x64.ActiveCfg = Release|x64
		{72793DF1-D4AF-4AA0-A606-7B51ED2A3F5C}.Release|x64.Build.0 = Release|x64
		{72793DF1-D4AF-4AA0-A606-7B51ED2A3F5C}.Release-SSE2|Win32.ActiveCfg = Release-SSE2|Win32
		{72793DF1-D4AF-4AA0-A606-7B51ED2A3F5C}.Release-SSE2|Win32.Build.0 = Release-SSE2|Win32
		{72793DF1-D4AF-4AA0-A606-7B51ED2A3F5C}.Release-SSE2|x64.ActiveCfg = Release|x64
		{72793DF1-D4AF-4AA0-A606-7B51ED2A3F5C}.Release-SSE2|x64.Build.0 = Release|x64
		{851C772C-D7C2-4EE3-A90C-23386F0E9897}.Debug|Win32.ActiveCfg = Debug|Win32
		{851C772C-D7C2-4EE3-A90C-23386F0E9897}.Debug|Win32.Build.0 = Debug|Win32
		{851C772C-D7C2-4EE3-A90C-23386F0E9897}.Debug|x64.ActiveCfg = Debug|x64
		{851C772C-D7C2-4EE3-A90C-23386F0E9897}.Debug|x64.Build.0 = Debug|x64
		{851C772C-D7C2-4EE3-A90C-23386F0E9897}.Release|Win32.ActiveCfg = Release|Win32
		{851C772C-D7C2-4EE3-A90C-23386F0E9897}.Release|Win32.Build.0 = Release|Win32
		{851C772C-D7C2-4EE3-A90C-23386F0E9897}.Release|x64.ActiveCfg = Release|x64
		{851C772C-D7C2-4EE3-A90C-23386F0E9897}.Release|x64.Build.0 = Release|x64
		{851C772C-D7C2-4EE3-A90C-23386F0E9897}.Release-SSE2|Win32.ActiveCfg = Release-SSE2|Win32
		{851C772C-D7C2-4EE3-A90C-23386F0E9897}.Release-SSE2|Win32.Build.0 = Release-SSE2|Win32
		{851C772C-D7C2-4EE3-A90C-23386F0E9897}.Release-SSE2|x64.ActiveCfg = Release|x64
		{851C772C-D7C2-4EE3-A90C-23386F0E9897}.Release-SSE2|x64.Build.0 = Release|x64
		{3B6BB403-FC72-45FF-A431-9295A1AEB7A3}.Debug|Win32.ActiveCfg = Debug|Win32
		{3B6BB403-FC72-45FF-A431-9295A1AEB7A3}.Debug|x64.ActiveCfg = Debug|x64
		{3B6BB403-FC72-45FF-A431-9295A1AEB7A3}.Release|Win32.ActiveCfg = Release|Win32
		{3B6BB403-FC72-45FF-A431-9295A1AEB7A3}.Release|x64.ActiveCfg = Release|x64
		{3B6BB403-FC72-45FF-A431-9295A1AEB7A3}.Release-SSE2|Win32.ActiveCfg = Release-SSE2|Win32
		{3B6BB403-FC72-45FF-A431-9295A1AEB7A3}.Release-SSE2|x64.ActiveCfg = Release|x64
		{C6D9B754-11EB-4FC3-8683-593B53E9AD1F}.Debug|Win32.ActiveCfg = Debug|Win32
		{C6D9B754-11EB-4FC3-8683-593B53E9AD1F}.Debug|Win32.Build.0 = Debug|Win32
		{C6D9B754-11EB-4FC3-8683-593B53E9AD1F}.Debug|x64.ActiveCfg = Debug|x64
		{C6D9B754-11EB-4FC3-8683-593B53E9AD1F}.Debug|x64.Build.0 = Debug|x64
		{C6D9B754-11EB-4FC3-8683-593B53E9AD1F}.Release|Win32.ActiveCfg = Release|Win32
		{C6D9B754-11EB-4FC3-8683-593B53E9AD1F}.Release|Win32.Build.0 = Release|Win32
		{C6D9B754-11EB-4FC3-8683-593B53E9AD1F}.Release|x64.ActiveCfg = Release|x64
		{C6D9B754-11EB-4FC3-8683-593B53E9AD1F}.Release|x64.Build.0 = Release|x64
		{C6D9B754-11EB-4FC3-8683-593B53E9AD1F}.Release-SSE2|Win32.ActiveCfg = Release-SSE2|Win32
		{C6D9B754-11EB-4FC3-8683-593B53E9AD1F}.Release-SSE2|Win32.Build.0 = Release-SSE2|Win32
		{C6D9B754-11EB-4FC3-8683-593B53E9AD1F}.Release-SSE2|x64.ActiveCfg = Release|x64
		{C6D9B754-11EB-4FC3-8683-593B53E9AD1F}.Release-SSE2|x64.Build.0 = Release|x64
		{C6D9B754-11EB-4FC3-8683-593B2377D043}.Debug|Win32.ActiveCfg = Debug|Win32
		{C6D9B754-11EB-4FC3-8683-593B2377D043}.Debug|Win32.Build.0 = Debug|Win32
		{C6D9B754-11EB-4FC3-8683-593B2377D043}.Debug|x64.ActiveCfg = Debug|x64
		{C6D9B754-11EB-4FC3-8683-593B2377D043}.Debug|x64.Build.0 = Debug|x64
		{C6D9B754-11EB-4FC3-8683-593B2377D043}.Release|Win32.ActiveCfg = Release|Win32
		{C6D9B754-11EB-4FC3-8683-593B2377D043}.Release|Win32.Build.0 = Release|Win32
		{C6D9B754-11EB-4FC3-8683-593B2377D043}.Release|x64.ActiveCfg = Release|x64
		{C6D9B754-11EB-4FC3-8683-593B2377D043}.Release|x64.Build.0 = Release|x64
		{C6D9B754-11EB-4FC3-8683-593B2377D043}.Release-SSE2|Win32.ActiveCfg = Release-SSE2|Win32
		{C6D9B754-11EB-4FC3-8683-593B2377D043}.Release-SSE2|Win32.Build.0 = Release-SSE2|Win32
		{C6D9B754-11EB-4FC3-8683-593B2377D043}.Release-SSE2|x64.ActiveCfg = Release|x64
		{C6D9B754-11EB-4FC3-8683-593B2377D043}.Release-SSE2|x64.Build.0 = Release|x64
		{C6D9B754-11EB-4FC3-8683-593BFD58C904}.Debug|Win32.ActiveCfg = Debug|Win32
		{C6D9B754-11EB-4FC3-8683-593BFD58C904}.Debug|Win32.Build.0 = Debug|Win32
		{C6D9B754-11EB-4FC3-8683-593BFD58C904}.Debug|x64.ActiveCfg = Debug|x64
		{C6D9B754-11EB-4FC3-8683-593BFD58C904}.Debug|x64.Build.0 = Debug|x64
		{C6D9B754-11EB-4FC3-8683-593BFD58C904}.Release|Win32.ActiveCfg = Release|Win32
		{C6D9B754-11EB-4FC3-8683-593BFD58C904}.Release|Win32.Build.0 = Release|Win32
		{C6D9B754-11EB-4FC3-8683-593BFD58C904}.Release|x64.ActiveCfg = Release|x64
		{C6D9B754-11EB-4FC3-8683-593BFD58C904}.Release|x64.Build.0 = Release|x64
		{C6D9B754-11EB-4FC3-8683-593BFD58C904}.Release-SSE2|Win32.ActiveCfg = Release-SSE2|Win32
		{C6D9B754-11EB-4FC3-8683-593BFD58C904}.Release-SSE2|Win32.Build.0 = Release-SSE2|Win32
		{C6D9B754-11EB-4FC3-8683-593BFD58C904}.Release-SSE2|x64.ActiveCfg = Release|x64
		{C6D9B754-11EB-4FC3-8683-593BFD58C904}.Release-SSE2|x64.Build.0 = Release|x64
		{10B193D4-E27B-4438-A825-BFB3D2B4C74D}.Debug|Win32.ActiveCfg = Debug|Win32
		{10B193D4-E27B-4438-A825-BFB3D2B4C74D}.Debug|Win32.Build.0 = Debug|Win32
		{10B193D4-E27B-4438-A825-BFB3D2B4C74D}.Debug|x64.ActiveCfg = Debug|x64
		{10B193D4-E27B-4438-A825-BFB3D2B4C74D}.Debug|x64.Build.0 = Debug|x64
		{10B193D4-E27B-4438-A825-BFB3D2B4C74D}.Release|Win32.ActiveCfg = Release|Win32
		{10B193D4-E27B-4438-A825-BFB3D2B4C74D}.Release|Win32.Build.0 = Release|Win32
		{10B193D4-E27B-4438-A825-BFB3D2B4C74D}.Release|x64.ActiveCfg = Release|x64
		{10B193D4-E27B-4438-A825-BFB3D2B4C74D}.Release|x64.Build.0 = Release|x64
		{10B193D4-E27B-4438-A825-BFB3D2B4C74D}.Release-SSE2|Win32.ActiveCfg = Release-SSE2|Win32
		{10B193D4-E27B-4438-A825-BFB3D2B4C74D}.Release-SSE2|Win32.Build.0 = Release-SSE2|Win32
		{10B193D4-E27B-4438-A825-BFB3D2B4C74D}.Release-SSE2|x64.ActiveCfg = Release|x64
		{10B193D4-E27B-4438-A825-BFB3D2B4C74D}.Release-SSE2|x64.Build.0 = Release|x64
		{35A2DC31-84BC-4F7A-9C93-1D072432AD79}.Debug|Win32.ActiveCfg = Debug|Win32
		{35A2DC31-84BC-4F7A-9C93-1D072432AD79}.Debug|Win32.Build.0 = Debug|Win32
		{35A2DC31-84BC-4F7A-9C93-1D072432AD79}.Debug|x64.ActiveCfg = Debug|x64
		{35A2DC31-84BC-4F7A-9C93-1D072432AD79}.Debug|x64.Build.0 = Debug|x64
		{35A2DC31-84BC-4F7A-9C93-1D072432AD79}.Release|Win32.ActiveCfg = Release|Win32
		{35A2DC31-84BC-4F7A-9C93-1D072432AD79}.Release|Win32.Build.0 = Release|Win32
		{35A2DC31-84BC-4F7A-9C93-1D072432AD79}.Release|x64.ActiveCfg = Release|x64
		{35A2DC31-84BC-4F7A-9C93-1D072432AD79}.Release|x64.Build.0 = Release|x64
		{35A2DC31-84BC-4F7A-9C93-1D072432AD79}.Release-SSE2|Win32.ActiveCfg = Release-SSE2|Win32
		{35A2DC31-84BC-4F7A-9C93-1D072432AD79}.Release-SSE2|Win32.Build.0 = Release-SSE2|Win32
		{35A2DC31-84BC-4F7A-9C93-1D072432AD79}.Release-SSE2|x64.ActiveCfg = Release|x64
		{35A2DC31-84BC-4F7A-9C93-1D072432AD79}.Release-SSE2|x64.Build.0 = Release|x64
		{7DF42126-D237-41D3-9ABE-A3ACC8BAC56E}.Debug|Win32.ActiveCfg = Debug|Win32
		{7DF42126-D237-41D3-9ABE-A3ACC8BAC56E}.Debug|Win32.Build.0 = Debug|Win32
		{7DF42126-D237-41D3-9ABE-A3ACC8BAC56E}.Debug|x64.ActiveCfg = Debug|x64
		{7DF42126-D237-41D3-9ABE-A3ACC8BAC56E}.Debug|x64.Build.0 = Debug|x64
		{7DF42126-D237-41D3-9ABE-A3ACC8BAC56E}.Release|Win32.ActiveCfg = Release|Win32
		{7DF42126-D237-41D3-9ABE-A3ACC8BAC56E}.Release|Win32.Build.0 = Release|Win32
		{7DF42126-D237-41D3-9ABE-A3ACC8BAC56E}.Release|x64.ActiveCfg = Release|x64
		{7DF42126-D237-41D3-9ABE-A3ACC8BAC56E}.Release|x64.Build.0 = Release|x64
		{7DF42126-D237-41D3-9ABE-A3ACC8BAC56E}.Release-SSE2|Win32.ActiveCfg = Release-SSE2|Win32
		{7DF42126-D237-41D3-9ABE-A3ACC8BAC56E}.Release-SSE2|Win32.Build.0 = Release-SSE2|Win32
		{7DF42126-D237-41D3-9ABE-A3ACC8BAC56E}.Release-SSE2|x64.ActiveCfg = Release|x64
		{7DF42126-D237-41D3-9ABE-A3ACC8BAC56E}.Release-SSE2|x64.Build.0 = Release|x64
		{C46B9A53-86D8-4B7F-AB15-B2C04518A195}.Debug|Win32.ActiveCfg = Debug|Win32
		{C46B9A53-86D8-4B7F-AB15-B2C04518A195}.Debug|Win32.Build.0 = Debug|Win32
		{C46B9A53-86D8-4B7F-AB15-B2C04518A195}.Debug|x64.ActiveCfg = Debug|x64
		{C46B9A53-86D8-4B7F-AB15-B2C04518A195}.Debug|x64.Build.0 = Debug|x64
		{C46B9A53-86D8-4B7F-AB15-B2C04518A195}.Release|Win32.ActiveCfg = Release|Win32
		{C46B9A53-86D8-4B7F-AB15-B2C04518A195}.Release|Win32.Build.0 = Release|Win32
		{C46B9A53-86D8-4B7F-AB15-B2C04518A195}.Release|x64.ActiveCfg = Release|x64
		{C46B9A53-86D8-4B7F-AB15-B2C04518A195}.Release|x64.Build.0 = Release|x64
		{C46B9A53-86D8-4B7F-AB15-B2C04518A195}.Release-SSE2|Win32.ActiveCfg = Release-SSE2|Win32
		{C46B9A53-86D8-4B7F-AB15-B2C04518A195}.Release-SSE2|Win32.Build.0 = Release-SSE2|Win32
		{C46B9A53-86D8-4B7F-AB15-B2C04518A195}.Release-SSE2|x64.ActiveCfg = Release|x64
		{C46B9A53-86D8-4B7F-AB15-B2C04518A195}.Release-SSE2|x64.Build.0 = Release|x64
		{76ADDB29-9C6A-442C-9BA9-764C050F75DD}.Debug|Win32.ActiveCfg = Debug|Win32
		{76ADDB29-9C6A-442C-9BA9-764C050F75DD}.Debug|Win32.Build.0 = Debug|Win32
		{76ADDB29-9C6A-442C-9BA9-764C050F75DD}.Debug|x64.ActiveCfg = Debug|x64
		{76ADDB29-9C6A-442C-9BA9-764C050F75DD}.Debug|x64.Build.0 = Debug|x64
		{76ADDB29-9C6A-442C-9BA9-764C050F75DD}.Release|Win32.ActiveCfg = Release|Win32
		{76ADDB29-9C6A-442C-9BA9-764C050F75DD}.Release|Win32.Build.0 = Release|Win32
		{76ADDB29-9C6A-442C-9BA9-764C050F75DD}.Release|x64.ActiveCfg = Release|x64
		{76ADDB29-9C6A-442C-9BA9-764C050F75DD}.Release|x64.Build.0 = Release|x64
		{76ADDB29-9C6A-442C-9BA9-764C050F75DD}.Release-SSE2|Win32.ActiveCfg = Release-SSE2|Win32
		{76ADDB29-9C6A-442C-9BA9-764C050F75DD}.Release-SSE2|Win32.Build.0 = Release-SSE2|Win32
		{76ADDB29-9C6A-442C-9BA9-764C050F75DD}.Release-SSE2|x64.ActiveCfg = Release|x64
		{76ADDB29-9C6A-442C-9BA9-764C050F75DD}.Release-SSE2|x64.Build.0 = Release|x64
		{9EDB5C0F-BFD0-4A59-BB93-F06A52BB0128}.Debug|Win32.ActiveCfg = Debug|Win32
		{9EDB5C0F-BFD0-4A59-BB93-F06A52BB0128}.Debug|Win32.Build.0 = Debug|Win32
		{9EDB5C0F-BFD0-4A59-BB93-F06A52BB0128}.Debug|x64.ActiveCfg = Debug|x64
		{9EDB5C0F-BFD0-4A59-BB93-F06A52BB0128}.Debug|x64.Build.0 = Debug|x64
		{9EDB5C0F-BFD0-4A59-BB93-F06A52BB0128}.Release|Win32.ActiveCfg = Release|Win32
		{9EDB5C0F-BFD0-4A59-BB93-F06A52BB0128}.Release|Win32.Build.0 = Release|Win32
		{9EDB5C0F-BFD0-4A59-BB93-F06A52BB0128}.Release|x64.ActiveCfg = Release|x64
		{9EDB5C0F-BFD0-4A59-BB93-F06A52BB0128}.Release|x64.Build.0 = Release|x64
		{9EDB5C0F-BFD0-4A59-BB93-F06A52BB0128}.Release-SSE2|Win32.ActiveCfg = Release-SSE2|Win32
		{9EDB5C0F-BFD0-4A59-BB93-F06A52BB0128}.Release-SSE2|Win32.Build.0 = Release-SSE2|Win32
		{9EDB5C0F-BFD0-4A59-BB93-F06A52BB0128}.Release-SSE2|x64.ActiveCfg = Release|x64
		{9EDB5C0F-BFD0-4A59-BB93-F06A52BB0128}.Release-SSE2|x64.Build.0 = Release|x64
		{39C65232-04FB-4622-8283-34829739887C}.Debug|Win32.ActiveCfg = Release|Win32
		{39C65232-04FB-4622-8283-34829739887C}.Debug|Win32.Build.0 = Release|Win32
		{39C65232-04FB-4622-8283-34829739887C}.Debug|x64.ActiveCfg = Release|x64
		{39C65232-04FB-4622-8283-34829739887C}.Debug|x64.Build.0 = Release|x64
		{39C65232-04FB-4622-8283-34829739887C}.Release|Win32.ActiveCfg = Release|Win32
		{39C65232-04FB-4622-8283-34829739887C}.Release|Win32.Build.0 = Release|Win32
		{39C65232-04FB-4622-8283-34829739887C}.Release|x64.ActiveCfg = Release|x64
		{39C65232-04FB-4622-8283-34829739887C}.Release|x64.Build.0 = Release|x64
		{39C65232-04FB-4622-8283-34829739887C}.Release-SSE2|Win32.ActiveCfg = Release|Win32
		{39C65232-04FB-4622-8283-34829739887C}.Release-SSE2|Win32.Build.0 = Release|Win32
		{39C65232-04FB-4622-8283-34829739887C}.Release-SSE2|x64.ActiveCfg = Release|x64
		{39C65232-04FB-4622-8283-34829739887C}.Release-SSE2|x64.Build.0 = Release|x64
		{9801D5FF-C1E0-46C5-A73E-47DEECE99DDB}.Debug|Win32.ActiveCfg = Release|Win32
		{9801D5FF-C1E0-46C5-A73E-47DEECE99DDB}.Debug|Win32.Build.0 = Release|Win32
		{9801D5FF-C1E0-46C5-A73E-47DEECE99DDB}.Debug|x64.ActiveCfg = Release|x64
		{9801D5FF-C1E0-46C5-A73E-47DEECE99DDB}.Debug|x64.Build.0 = Release|x64
		{9801D5FF-C1E0-46C5-A73E-47DEECE99DDB}.Release|Win32.ActiveCfg = Release|Win32
		{9801D5FF-C1E0-46C5-A73E-47DEECE99DDB}.Release|Win32.Build.0 = Release|Win32
		{9801D5FF-C1E0-46C5-A73E-47DEECE99DDB}.Release|x64.ActiveCfg = Release|x64
		{9801D5FF-C1E0-46C5-A73E-47DEECE99DDB}.Release|x64.Build.0 = Release|x64
		{9801D5FF-C1E0-46C5-A73E-47DEECE99DDB}.Release-SSE2|Win32.ActiveCfg = Release|Win32
		{9801D5FF-C1E0-46C5-A73E-47DEECE99DDB}.Release-SSE2|Win32.Build.0 = Release|Win32
		{9801D5FF-C1E0-46C5-A73E-47DEECE99DDB}.Release-SSE2|x64.ActiveCfg = Release|x64
		{9801D5FF-C1E0-46C5-A73E-47DEECE99DDB}.Release-SSE2|x64.Build.0 = Release|x64
		{37FDEA25-43CD-4AF0-A232-281E11851E75}.Debug|Win32.ActiveCfg = Debug|Win32
		{37FDEA25-43CD-4AF0-A232-281E11851E75}.Debug|x64.ActiveCfg = Debug|x64
		{37FDEA25-43CD-4AF0-A232-281E11851E75}.Release|Win32.ActiveCfg = Release|Win32
		{37FDEA25-43CD-4AF0-A232-281E11851E75}.Release|x64.ActiveCfg = Release|x64
		{37FDEA25-43CD-4AF0-A232-281E11851E75}.Release-SSE2|Win32.ActiveCfg = Release-SSE2|Win32
		{37FDEA25-43CD-4AF0-A232-281E11851E75}.Release-SSE2|x64.ActiveCfg = Release|x64
		{86D92BC4-4C57-42D1-9F63-26ABF811715B}.Debug|Win32.ActiveCfg = Debug|Win32
		{86D92BC4-4C57-42D1-9F63-26ABF811715B}.Debug|x64.ActiveCfg = Debug|x64
		{86D92BC4-4C57-42D1-9F63-26ABF811715B}.Release|Win32.ActiveCfg = Release|Win32
		{86D92BC4-4C57-42D1-9F63-26ABF811715B}.Release|x64.ActiveCfg = Release|x64
		{86D92BC4-4C57-42D1-9F63-26ABF811715B}.Release-SSE2|Win32.ActiveCfg = Release-SSE2|Win32
		{86D92BC4-4C57-42D1-9F63-26ABF811715B}.Release-SSE2|x64.ActiveCfg = Release|x64
		{7F9DA615-40A3-43A0-B8BB-528698DDE6E5}.Debug|Win32.ActiveCfg = Debug|Win32
		{7F9DA615-40A3-43A0-B8BB-528698DDE6E5}.Debug|Win32.Build.0 = Debug|Win32
		{7F9DA615-40A3-43A0-B8BB-528698DDE6E5}.Debug|x64.ActiveCfg = Debug|x64
		{7F9DA615-40A3-43A0-B8BB-528698DDE6E5}.Debug|x64.Build.0 = Debug|x64
		{7F9DA615-40A3-43A0-B8BB-528698DDE6E5}.Release|Win32.ActiveCfg = Release|Win32
		{7F9DA615-40A3-43A0-B8BB-528698DDE6E5}.Release|Win32.Build.0 = Release|Win32
		{7F9DA615-40A3-43A0-B8BB-528698DDE6E5}.Release|x64.ActiveCfg = Release|x64
		{7F9DA615-40A3-43A0-B8BB-528698DDE6E5}.Release|x64.Build.0 = Release|x64
		{7F9DA615-40A3-43A0-B8BB-528698DDE6E5}.Release-SSE2|Win32.ActiveCfg = Release-SSE2|Win32
		{7F9DA615-40A3-43A0-B8BB-528698DDE6E5}.Release-SSE2|Win32.Build.0 = Release-SSE2|Win32
		{7F9DA615-40A3-43A0-B8BB-528698DDE6E5}.Release-SSE2|x64.ActiveCfg = Release|x64
		{7F9DA615-40A3-43A0-B8BB-528698DDE6E5}.Release-SSE2|x64.Build.0 = Release|x64
		{F0304A28-E1C7-4F4F-BE1F-DF57936C9664}.Debug|Win32.ActiveCfg = Debug|Win32
		{F0304A28-E1C7-4F4F-BE1F-DF57936C9664}.Debug|Win32.Build.0 = Debug|Win32
		{F0304A28-E1C7-4F4F-BE1F-DF57936C9664}.Debug|x64.ActiveCfg = Debug|x64
		{F0304A28-E1C7-4F4F-BE1F-DF57936C9664}.Debug|x64.Build.0 = Debug|x64
		{F0304A28-E1C7-4F4F-BE1F-DF57936C9664}.Release|Win32.ActiveCfg = Release|Win32
		{F0304A28-E1C7-4F4F-BE1F-DF57936C9664}.Release|Win32.Build.0 = Release|Win32
		{F0304A28-E1C7-4F4F-BE1F-DF57936C9664}.Release|x64.ActiveCfg = Release|x64
		{F0304A28-E1C7-4F4F-BE1F-DF57936C9664}.Release|x64.Build.0 = Release|x64
		{F0304A28-E1C7-4F4F-BE1F-DF57936C9664}.Release-SSE2|Win32.ActiveCfg = Release-SSE2|Win32
		{F0304A28-E1C7-4F4F-BE1F-DF57936C9664}.Release-SSE2|Win32.Build.0 = Release-SSE2|Win32
		{F0304A28-E1C7-4F4F-BE1F-DF57936C9664}.Release-SSE2|x64.ActiveCfg = Release|x64
		{F0304A28-E1C7-4F4F-BE1F-DF57936C9664}.Release-SSE2|x64.Build.0 = Release|x64
		{B1E68128-84D7-4525-A3C1-E6C1077F2239}.Debug|Win32.ActiveCfg = Debug|Win32
		{B1E68128-84D7-4525-A3C1-E6C1077F2239}.Debug|Win32.Build.0 = Debug|Win32
		{B1E68128-84D7-4525-A3C1-E6C1077F2239}.Debug|x64.ActiveCfg = Debug|x64
		{B1E68128-84D7-4525-A3C1-E6C1077F2239}.Debug|x64.Build.0 = Debug|x64
		{B1E68128-84D7-4525-A3C1-E6C1077F2239}.Release|Win32.ActiveCfg = Release|Win32
		{B1E68128-84D7-4525-A3C1-E6C1077F2239}.Release|Win32.Build.0 = Release|Win32
		{B1E68128-84D7-4525-A3C1-E6C1077F2239}.Release|x64.ActiveCfg = Release|x64
		{B1E68128-84D7-4525-A3C1-E6C1077F2239}.Release|x64.Build.0 = Release|x64
		{B1E68128-84D7-4525-A3C1-E6C1077F2239}.Release-SSE2|Win32.ActiveCfg = Release-SSE2|Win32
		{B1E68128-84D7-4525-A3C1-E6C1077F2239}.Release-SSE2|Win32.Build.0 = Release-SSE2|Win32
		{B1E68128-84D7-4525-A3C1-E6C1077F2239}.Release-SSE2|x64.ActiveCfg = Release|x64
		{B1E68128-84D7-4525-A3C1-E6C1077F2239}.Release-SSE2|x64.Build.0 = Release|x64
		{0C227B07-1830-4C5B-8D4E-2DEFFFD2792D}.Debug|Win32.ActiveCfg = Debug|Win32
		{0C227B07-1830-4C5B-8D4E-2DEFFFD2792D}.Debug|Win32.Build.0 = Debug|Win32
		{0C227B07-1830-4C5B-8D4E-2DEFFFD2792D}.Debug|x64.ActiveCfg = Debug|x64
		{0C227B07-1830-4C5B-8D4E-2DEFFFD2792D}.Debug|x64.Build.0 = Debug|x64
		{0C227B07-1830-4C5B-8D4E-2DEFFFD2792D}.Release|Win32.ActiveCfg = Release|Win32
		{0C227B07-1830-4C5B-8D4E-2DEFFFD2792D}.Release|Win32.Build.0 = Release|Win32
		{0C227B07-1830-4C5B-8D4E-2DEFFFD2792D}.Release|x64.ActiveCfg = Release|x64
		{0C227B07-1830-4C5B-8D4E-2DEFFFD2792D}.Release|x64.Build.0 = Release|x64
		{0C227B07-1830-4C5B-8D4E-2DEFFFD2792D}.Release-SSE2|Win32.ActiveCfg = Release-SSE2|Win32
		{0C227B07-1830-4C5B-8D4E-2DEFFFD2792D}.Release-SSE2|Win32.Build.0 = Release-SSE2|Win32
		{0C227B07-1830-4C5B-8D4E-2DEFFFD2792D}.Release-SSE2|x64.ActiveCfg = Release|x64
		{0C227B07-1830-4C5B-8D4E-2DEFFFD2792D}.Release-SSE2|x64.Build.0 = Release|x64
		{D870A978-8130-4D1D-9FB2-3EE2028D2C50}.Debug|Win32.ActiveCfg = Debug|Win32
		{D870A978-8130-4D1D-9FB2-3EE2028D2C50}.Debug|Win32.Build.0 = Debug|Win32
		{D870A978-8130-4D1D-9FB2-3EE2028D2C50}.Debug|x64.ActiveCfg = Debug|x64
		{D870A978-8130-4D1D-9FB2-3EE2028D2C50}.Debug|x64.Build.0 = Debug|x64
		{D870A978-8130-4D1D-9FB2-3EE2028D2C50}.Release|Win32.ActiveCfg = Release|Win32
		{D870A978-8130-4D1D-9FB2-3EE2028D2C50}.Release|Win32.Build.0 = Release|Win32
		{D870A978-8130-4D1D-9FB2-3EE2028D2C50}.Release|x64.ActiveCfg = Release|x64
		{D870A978-8130-4D1D-9FB2-3EE2028D2C50}.Release|x64.Build.0 = Release|x64
		{D870A978-8130-4D1D-9FB2-3EE2028D2C50}.Release-SSE2|Win32.ActiveCfg = Release-SSE2|Win32
		{D870A978-8130-4D1D-9FB2-3EE2028D2C50}.Release-SSE2|Win32.Build.0 = Release-SSE2|Win32
		{D870A978-8130-4D1D-9FB2-3EE2028D2C50}.Release-SSE2|x64.ActiveCfg = Release|x64
		{D870A978-8130-4D1D-9FB2-3EE2028D2C50}.Release-SSE2|x64.Build.0 = Release|x64
		{E7A73E97-7106-4D4A-98BA-AA43FBD19DB4}.Debug|Win32.ActiveCfg = Debug|Win32
		{E7A73E97-7106-4D4A-98BA-AA43FBD19DB4}.Debug|Win32.Build.0 = Debug|Win32
		{E7A73E97-7106-4D4A-98BA-AA43FBD19DB4}.Debug|x64.ActiveCfg = Debug|x64
		{E7A73E97-7106-4D4A-98BA-AA43FBD19DB4}.Debug|x64.Build.0 = Debug|x64
		{E7A73E97-7106-4D4A-98BA-AA43FBD19DB4}.Release|Win32.ActiveCfg = Release|Win32
		{E7A73E97-7106-4D4A-98BA-AA43FBD19DB4}.Release|Win32.Build.0 = Release|Win32
		{E7A73E97-7106-4D4A-98BA-AA43FBD19DB4}.Release|x64.ActiveCfg = Release|x64
		{E7A73E97-7106-4D4A-98BA-AA43FBD19DB4}.Release|x64.Build.0 = Release|x64
		{E7A73E97-7106-4D4A-98BA-AA43FBD19DB4}.Release-SSE2|Win32.ActiveCfg = Release-SSE2|Win32
		{E7A73E97-7106-4D4A-98BA-AA43FBD19DB4}.Release-SSE2|Win32.Build.0 = Release-SSE2|Win32
		{E7A73E97-7106-4D4A-98BA-AA43FBD19DB4}.Release-SSE2|x64.ActiveCfg = Release|x64
		{E7A73E97-7106-4D4A-98BA-AA43FBD19DB4}.Release-SSE2|x64.Build.0 = Release|x64
	EndGlobalSection
	GlobalSection(SolutionProperties) = preSolution
		HideSolutionNode = FALSE
	EndGlobalSection
	GlobalSection(NestedProjects) = preSolution
		{3780CCDE-4967-4C31-B6A3-3C2570BDD3E4} = {4178148C-8A0C-4EB0-ACD9-0E09676F2700}
		{E1EA88AF-6B44-4225-B97B-B485FC9DB23E} = {4178148C-8A0C-4EB0-ACD9-0E09676F2700}
		{186BAEF6-CF24-42C1-8CE3-25590CB9F6E7} = {4178148C-8A0C-4EB0-ACD9-0E09676F2700}
		{8BB067C4-7135-4643-863C-49C520BEEA01} = {4178148C-8A0C-4EB0-ACD9-0E09676F2700}
		{851C772C-D7C2-4EE3-A90C-23386F0E9897} = {5319B36D-2906-4EAF-B623-B7C04F3CC2AD}
		{C6D9B754-11EB-4FC3-8683-593B53E9AD1F} = {5319B36D-2906-4EAF-B623-B7C04F3CC2AD}
		{C6D9B754-11EB-4FC3-8683-593B2377D043} = {5319B36D-2906-4EAF-B623-B7C04F3CC2AD}
		{C6D9B754-11EB-4FC3-8683-593BFD58C904} = {5319B36D-2906-4EAF-B623-B7C04F3CC2AD}
		{86D92BC4-4C57-42D1-9F63-26ABF811715B} = {5319B36D-2906-4EAF-B623-B7C04F3CC2AD}
		{7F9DA615-40A3-43A0-B8BB-528698DDE6E5} = {5319B36D-2906-4EAF-B623-B7C04F3CC2AD}
		{F0304A28-E1C7-4F4F-BE1F-DF57936C9664} = {5319B36D-2906-4EAF-B623-B7C04F3CC2AD}
		{B1E68128-84D7-4525-A3C1-E6C1077F2239} = {5319B36D-2906-4EAF-B623-B7C04F3CC2AD}
		{0C227B07-1830-4C5B-8D4E-2DEFFFD2792D} = {5319B36D-2906-4EAF-B623-B7C04F3CC2AD}
		{E7A73E97-7106-4D4A-98BA-AA43FBD19DB4} = {5319B36D-2906-4EAF-B623-B7C04F3CC2AD}
		{72793DF1-D4AF-4AA0-A606-7B51ED2A3F5C} = {4A043885-D401-40B2-9375-1C57136F03F6}
		{9BA806FC-C022-4ACF-A3F1-3EC8CAB45570} = {CB0679D3-62C5-4328-B49F-504E0AA9C65A}
		{3B6BB403-FC72-45FF-A431-9295A1AEB7A3} = {CB0679D3-62C5-4328-B49F-504E0AA9C65A}
		{37FDEA25-43CD-4AF0-A232-281E11851E75} = {CB0679D3-62C5-4328-B49F-504E0AA9C65A}
		{10B193D4-E27B-4438-A825-BFB3D2B4C74D} = {31AFDB3C-8769-49DF-9C9E-2013E194D983}
		{35A2DC31-84BC-4F7A-9C93-1D072432AD79} = {31AFDB3C-8769-49DF-9C9E-2013E194D983}
		{D870A978-8130-4D1D-9FB2-3EE2028D2C50} = {31AFDB3C-8769-49DF-9C9E-2013E194D983}
		{7DF42126-D237-41D3-9ABE-A3ACC8BAC56E} = {30F7FB89-B9D5-473E-A14D-6A00700C1EA9}
		{C46B9A53-86D8-4B7F-AB15-B2C04518A195} = {30F7FB89-B9D5-473E-A14D-6A00700C1EA9}
		{76ADDB29-9C6A-442C-9BA9-764C050F75DD} = {30F7FB89-B9D5-473E-A14D-6A00700C1EA9}
		{9EDB5C0F-BFD0-4A59-BB93-F06A52BB0128} = {30F7FB89-B9D5-473E-A14D-6A00700C1EA9}
		{39C65232-04FB-4622-8283-34829739887C} = {30F7FB89-B9D5-473E-A14D-6A00700C1EA9}
		{9801D5FF-C1E0-46C5-A73E-47DEECE99DDB} = {30F7FB89-B9D5-473E-A14D-6A00700C1EA9}
	EndGlobalSection
EndGlobal
